{
  "version": 4,
  "terraform_version": "1.11.3",
  "serial": 13,
  "lineage": "aa9d05cf-7150-d332-d027-7499d574ffe1",
  "outputs": {
    "floating_ip": {
      "value": "37.156.42.46",
      "type": "string"
    },
    "ssh_command": {
      "value": "ssh -i ~/.ssh/id_rsa ubuntu@37.156.42.46",
      "type": "string"
    }
  },
  "resources": [
    {
      "mode": "managed",
      "type": "openstack_compute_floatingip_associate_v2",
      "name": "fip_assoc",
      "provider": "provider[\"registry.terraform.io/terraform-provider-openstack/openstack\"]",
      "instances": [
        {
          "schema_version": 0,
          "attributes": {
            "fixed_ip": "",
            "floating_ip": "37.156.42.46",
            "id": "37.156.42.46/4bfd3275-2b44-441b-a4c9-a0047b43b02b/",
            "instance_id": "4bfd3275-2b44-441b-a4c9-a0047b43b02b",
            "region": "dc4-a",
            "timeouts": null,
            "wait_until_associated": null
          },
          "sensitive_attributes": [],
          "private": "eyJlMmJmYjczMC1lY2FhLTExZTYtOGY4OC0zNDM2M2JjN2M0YzAiOnsiY3JlYXRlIjo2MDAwMDAwMDAwMDB9fQ==",
          "dependencies": [
            "openstack_compute_instance_v2.instance",
            "openstack_compute_keypair_v2.default",
            "openstack_networking_floatingip_v2.fip",
            "openstack_networking_network_v2.private"
          ]
        }
      ]
    },
    {
      "mode": "managed",
      "type": "openstack_compute_instance_v2",
      "name": "instance",
      "provider": "provider[\"registry.terraform.io/terraform-provider-openstack/openstack\"]",
      "instances": [
        {
          "schema_version": 0,
          "attributes": {
            "access_ip_v4": "192.168.199.164",
            "access_ip_v6": "",
            "admin_pass": null,
            "all_metadata": {},
            "all_tags": [],
            "availability_zone": "az-1",
            "availability_zone_hints": null,
            "block_device": [],
            "config_drive": null,
            "created": "2025-04-09 08:27:21 +0000 UTC",
            "flavor_id": "093a53d7-f420-4b79-9bb0-9ad4eb190631",
            "flavor_name": "a1-ram2-disk20-perf1",
            "floating_ip": null,
            "force_delete": false,
            "id": "4bfd3275-2b44-441b-a4c9-a0047b43b02b",
            "image_id": "6a76a678-71db-4953-828b-3f62d104b5db",
            "image_name": "Ubuntu 22.04 LTS Jammy Jellyfish",
            "key_pair": "ma-cle-terraform",
            "metadata": null,
            "name": "vm-terraform",
            "network": [
              {
                "access_network": false,
                "fixed_ip_v4": "192.168.199.164",
                "fixed_ip_v6": "",
                "floating_ip": "",
                "mac": "fa:16:3e:1c:05:54",
                "name": "terraform-network",
                "port": "",
                "uuid": "7546568b-9490-4d03-8d88-3a752990da0c"
              }
            ],
            "network_mode": null,
            "personality": [],
            "power_state": "active",
            "region": "dc4-a",
            "scheduler_hints": [],
            "security_groups": [
              "default"
            ],
            "stop_before_destroy": false,
            "tags": null,
            "timeouts": null,
            "updated": "2025-04-09 08:27:46 +0000 UTC",
            "user_data": null,
            "vendor_options": [],
            "volume": []
          },
          "sensitive_attributes": [
            [
              {
                "type": "get_attr",
                "value": "admin_pass"
              }
            ]
          ],
          "private": "eyJlMmJmYjczMC1lY2FhLTExZTYtOGY4OC0zNDM2M2JjN2M0YzAiOnsiY3JlYXRlIjoxODAwMDAwMDAwMDAwLCJkZWxldGUiOjE4MDAwMDAwMDAwMDAsInVwZGF0ZSI6MTgwMDAwMDAwMDAwMH19",
          "dependencies": [
            "openstack_compute_keypair_v2.default",
            "openstack_networking_network_v2.private"
          ]
        }
      ]
    },
    {
      "mode": "managed",
      "type": "openstack_compute_keypair_v2",
      "name": "default",
      "provider": "provider[\"registry.terraform.io/terraform-provider-openstack/openstack\"]",
      "instances": [
        {
          "schema_version": 0,
          "attributes": {
            "fingerprint": "6e:cb:f4:7e:71:2a:1f:d8:45:8e:a1:49:c0:0a:fa:4a",
            "id": "ma-cle-terraform",
            "name": "ma-cle-terraform",
            "private_key": "",
            "public_key": "ssh-rsa AAAAB3NzaC1yc2EAAAADAQABAAACAQDCjtpZOnpYeLEgosSKpHvL5FnhH9skBtInf4VzP+SSCZmu6eUprZNz7CmeBSFq+qqpRaQGZAu30WF0p1sof47lMnYseDxpsP8qal0dqgPl2EUJi/zTnxlDJQtD84TBERBJymOi66FBrmEAOZWSYBp8Is6oj7yt8rHmOHCGLRjxmPHBussXhH0Dy1ZdRNRTO5VISkdrUWC1QH3bFYVVoEJ/7/+yugBfEQI5XmXObuBSmDeMwd2jEnZhcPOG9nwdxxffPTtjsQAYxd1Tty79UPj98Luzcaef/THYP36dSHdUo38VA3p1+UhKtZZEYhYowHyMXKOibz4VZ14JX52DZ/KGmZMd7mTokS0V3ZWTn4WJ4llH2PyD5HxFYuvNBHMSy9swHLzFThCWwqVWpUktCcsBIWSvVma+k0n0GF6CD3nEWhciHy6FhUMor0A5yOH1e0zwwKH9NzNDUM5TQ8NF+3aHPeZocXcOg10oHsJxeMc1Ae5scLWuhTmBZNEksa9SE99U7KxLJh6G5uJCGuS/rZa1kReS/aXikmclEqq7jAe0gJGUH4UmCZNreg6JNh1MYlxljDWcG/Y7pVyCJuOWWsOrsaaG+hsXouLUN3vwVOT9QXx9iZwWHmMKsC93xeuuCarlv18wG3BiY5iBYOrvW0NlZPuKXUEaeg0OPCnw5BqJzw== terraform@infomaniak\n",
            "region": "dc4-a",
            "user_id": "",
            "value_specs": null
          },
          "sensitive_attributes": [
            [
              {
                "type": "get_attr",
                "value": "private_key"
              }
            ]
          ],
          "private": "bnVsbA=="
        }
      ]
    },
    {
      "mode": "managed",
      "type": "openstack_networking_floatingip_v2",
      "name": "fip",
      "provider": "provider[\"registry.terraform.io/terraform-provider-openstack/openstack\"]",
      "instances": [
        {
          "schema_version": 0,
          "attributes": {
            "address": "37.156.42.46",
            "all_tags": [],
            "description": "",
            "dns_domain": "",
            "dns_name": "",
            "fixed_ip": "",
            "id": "cea7b9d1-5bfd-433d-9546-9d2ee2ea9b80",
            "pool": "ext-floating1",
            "port_id": "",
            "region": "dc4-a",
            "subnet_id": null,
            "subnet_ids": null,
            "tags": [],
            "tenant_id": "1ece788300c34d9a969940818de6eb53",
            "timeouts": null,
            "value_specs": null
          },
          "sensitive_attributes": [],
          "private": "eyJlMmJmYjczMC1lY2FhLTExZTYtOGY4OC0zNDM2M2JjN2M0YzAiOnsiY3JlYXRlIjo2MDAwMDAwMDAwMDAsImRlbGV0ZSI6NjAwMDAwMDAwMDAwfX0="
        }
      ]
    },
    {
      "mode": "managed",
      "type": "openstack_networking_network_v2",
      "name": "private",
      "provider": "provider[\"registry.terraform.io/terraform-provider-openstack/openstack\"]",
      "instances": [
        {
          "schema_version": 0,
          "attributes": {
            "admin_state_up": true,
            "all_tags": [],
            "availability_zone_hints": [
              "az-1",
              "az-2",
              "az-3"
            ],
            "description": "",
            "dns_domain": "",
            "external": false,
            "id": "7546568b-9490-4d03-8d88-3a752990da0c",
            "mtu": 1500,
            "name": "terraform-network",
            "port_security_enabled": true,
            "qos_policy_id": "",
            "region": "dc4-a",
            "segments": [],
            "shared": false,
            "tags": [],
            "tenant_id": "1ece788300c34d9a969940818de6eb53",
            "timeouts": null,
            "transparent_vlan": false,
            "value_specs": null
          },
          "sensitive_attributes": [],
          "private": "eyJlMmJmYjczMC1lY2FhLTExZTYtOGY4OC0zNDM2M2JjN2M0YzAiOnsiY3JlYXRlIjo2MDAwMDAwMDAwMDAsImRlbGV0ZSI6NjAwMDAwMDAwMDAwfX0="
        }
      ]
    },
    {
      "mode": "managed",
      "type": "openstack_networking_router_interface_v2",
      "name": "router_interface",
      "provider": "provider[\"registry.terraform.io/terraform-provider-openstack/openstack\"]",
      "instances": [
        {
          "schema_version": 0,
          "attributes": {
            "force_destroy": false,
            "id": "0f564769-33ea-4f02-98db-240ae1082480",
            "port_id": "0f564769-33ea-4f02-98db-240ae1082480",
            "region": "dc4-a",
            "router_id": "7e6858ee-c8cc-49a8-883b-a414f002ac30",
            "subnet_id": "551ee109-dbb2-46da-8339-a71fd532ea30",
            "timeouts": null
          },
          "sensitive_attributes": [],
          "private": "eyJlMmJmYjczMC1lY2FhLTExZTYtOGY4OC0zNDM2M2JjN2M0YzAiOnsiY3JlYXRlIjo2MDAwMDAwMDAwMDAsImRlbGV0ZSI6NjAwMDAwMDAwMDAwfX0=",
          "dependencies": [
            "openstack_networking_network_v2.private",
            "openstack_networking_router_v2.router",
            "openstack_networking_subnet_v2.private_subnet"
          ]
        }
      ]
    },
    {
      "mode": "managed",
      "type": "openstack_networking_router_v2",
      "name": "router",
      "provider": "provider[\"registry.terraform.io/terraform-provider-openstack/openstack\"]",
      "instances": [
        {
          "schema_version": 0,
          "attributes": {
            "admin_state_up": true,
            "all_tags": [],
            "availability_zone_hints": [
              "az-1",
              "az-2",
              "az-3"
            ],
            "description": "",
            "distributed": false,
            "enable_snat": true,
            "external_fixed_ip": [
              {
                "ip_address": "37.156.41.43",
                "subnet_id": "e3ee7cfe-8375-40b1-b016-902199b6e762"
              }
            ],
            "external_gateway": "34a684b8-2889-4950-b08e-c33b3954a307",
            "external_network_id": "34a684b8-2889-4950-b08e-c33b3954a307",
            "external_subnet_ids": null,
            "id": "7e6858ee-c8cc-49a8-883b-a414f002ac30",
            "name": "terraform-router",
            "region": "dc4-a",
            "tags": [],
            "tenant_id": "1ece788300c34d9a969940818de6eb53",
            "timeouts": null,
            "value_specs": null,
            "vendor_options": []
          },
          "sensitive_attributes": [],
          "private": "eyJlMmJmYjczMC1lY2FhLTExZTYtOGY4OC0zNDM2M2JjN2M0YzAiOnsiY3JlYXRlIjo2MDAwMDAwMDAwMDAsImRlbGV0ZSI6NjAwMDAwMDAwMDAwfX0="
        }
      ]
    },
    {
      "mode": "managed",
      "type": "openstack_networking_subnet_v2",
      "name": "private_subnet",
      "provider": "provider[\"registry.terraform.io/terraform-provider-openstack/openstack\"]",
      "instances": [
        {
          "schema_version": 0,
          "attributes": {
            "all_tags": [],
            "allocation_pool": [
              {
                "end": "192.168.199.254",
                "start": "192.168.199.2"
              }
            ],
            "allocation_pools": [
              {
                "end": "192.168.199.254",
                "start": "192.168.199.2"
              }
            ],
            "cidr": "192.168.199.0/24",
            "description": "",
            "dns_nameservers": [
              "8.8.8.8"
            ],
            "enable_dhcp": true,
            "gateway_ip": "192.168.199.1",
            "host_routes": [],
            "id": "551ee109-dbb2-46da-8339-a71fd532ea30",
            "ip_version": 4,
            "ipv6_address_mode": "",
            "ipv6_ra_mode": "",
            "name": "terraform-subnet",
            "network_id": "7546568b-9490-4d03-8d88-3a752990da0c",
            "no_gateway": false,
            "prefix_length": null,
            "region": "dc4-a",
            "service_types": [],
            "subnetpool_id": "",
            "tags": [],
            "tenant_id": "1ece788300c34d9a969940818de6eb53",
            "timeouts": null,
            "value_specs": null
          },
          "sensitive_attributes": [],
          "private": "eyJlMmJmYjczMC1lY2FhLTExZTYtOGY4OC0zNDM2M2JjN2M0YzAiOnsiY3JlYXRlIjo2MDAwMDAwMDAwMDAsImRlbGV0ZSI6NjAwMDAwMDAwMDAwfX0=",
          "dependencies": [
            "openstack_networking_network_v2.private"
          ]
        }
      ]
    }
  ],
  "check_results": null
}
