{
  "version": 4,
  "terraform_version": "1.11.3",
  "serial": 9,
  "lineage": "aa9d05cf-7150-d332-d027-7499d574ffe1",
  "outputs": {
    "floating_ip": {
      "value": "37.156.42.46",
      "type": "string"
    },
    "ssh_command": {
      "value": "ssh -i ~/.ssh/id_rsa ubuntu@37.156.42.46",
      "type": "string"
    }
  },
  "resources": [
    {
      "mode": "managed",
      "type": "openstack_networking_floatingip_v2",
      "name": "fip",
      "provider": "provider[\"registry.terraform.io/terraform-provider-openstack/openstack\"]",
      "instances": [
        {
          "schema_version": 0,
          "attributes": {
            "address": "37.156.42.46",
            "all_tags": [],
            "description": "",
            "dns_domain": "",
            "dns_name": "",
            "fixed_ip": "",
            "id": "cea7b9d1-5bfd-433d-9546-9d2ee2ea9b80",
            "pool": "ext-floating1",
            "port_id": "",
            "region": "dc4-a",
            "subnet_id": null,
            "subnet_ids": null,
            "tags": [],
            "tenant_id": "1ece788300c34d9a969940818de6eb53",
            "timeouts": null,
            "value_specs": null
          },
          "sensitive_attributes": [],
          "private": "eyJlMmJmYjczMC1lY2FhLTExZTYtOGY4OC0zNDM2M2JjN2M0YzAiOnsiY3JlYXRlIjo2MDAwMDAwMDAwMDAsImRlbGV0ZSI6NjAwMDAwMDAwMDAwfX0="
        }
      ]
    },
    {
      "mode": "managed",
      "type": "openstack_networking_network_v2",
      "name": "private",
      "provider": "provider[\"registry.terraform.io/terraform-provider-openstack/openstack\"]",
      "instances": [
        {
          "schema_version": 0,
          "attributes": {
            "admin_state_up": true,
            "all_tags": [],
            "availability_zone_hints": [
              "az-1",
              "az-2",
              "az-3"
            ],
            "description": "",
            "dns_domain": "",
            "external": false,
            "id": "7546568b-9490-4d03-8d88-3a752990da0c",
            "mtu": 1500,
            "name": "terraform-network",
            "port_security_enabled": true,
            "qos_policy_id": "",
            "region": "dc4-a",
            "segments": [],
            "shared": false,
            "tags": [],
            "tenant_id": "1ece788300c34d9a969940818de6eb53",
            "timeouts": null,
            "transparent_vlan": false,
            "value_specs": null
          },
          "sensitive_attributes": [],
          "private": "eyJlMmJmYjczMC1lY2FhLTExZTYtOGY4OC0zNDM2M2JjN2M0YzAiOnsiY3JlYXRlIjo2MDAwMDAwMDAwMDAsImRlbGV0ZSI6NjAwMDAwMDAwMDAwfX0="
        }
      ]
    },
    {
      "mode": "managed",
      "type": "openstack_networking_router_interface_v2",
      "name": "router_interface",
      "provider": "provider[\"registry.terraform.io/terraform-provider-openstack/openstack\"]",
      "instances": [
        {
          "schema_version": 0,
          "attributes": {
            "force_destroy": false,
            "id": "0f564769-33ea-4f02-98db-240ae1082480",
            "port_id": "0f564769-33ea-4f02-98db-240ae1082480",
            "region": "dc4-a",
            "router_id": "7e6858ee-c8cc-49a8-883b-a414f002ac30",
            "subnet_id": "551ee109-dbb2-46da-8339-a71fd532ea30",
            "timeouts": null
          },
          "sensitive_attributes": [],
          "private": "eyJlMmJmYjczMC1lY2FhLTExZTYtOGY4OC0zNDM2M2JjN2M0YzAiOnsiY3JlYXRlIjo2MDAwMDAwMDAwMDAsImRlbGV0ZSI6NjAwMDAwMDAwMDAwfX0=",
          "dependencies": [
            "openstack_networking_network_v2.private",
            "openstack_networking_router_v2.router",
            "openstack_networking_subnet_v2.private_subnet"
          ]
        }
      ]
    },
    {
      "mode": "managed",
      "type": "openstack_networking_router_v2",
      "name": "router",
      "provider": "provider[\"registry.terraform.io/terraform-provider-openstack/openstack\"]",
      "instances": [
        {
          "schema_version": 0,
          "attributes": {
            "admin_state_up": true,
            "all_tags": [],
            "availability_zone_hints": [
              "az-1",
              "az-2",
              "az-3"
            ],
            "description": "",
            "distributed": false,
            "enable_snat": true,
            "external_fixed_ip": [
              {
                "ip_address": "37.156.41.43",
                "subnet_id": "e3ee7cfe-8375-40b1-b016-902199b6e762"
              }
            ],
            "external_gateway": "34a684b8-2889-4950-b08e-c33b3954a307",
            "external_network_id": "34a684b8-2889-4950-b08e-c33b3954a307",
            "external_subnet_ids": null,
            "id": "7e6858ee-c8cc-49a8-883b-a414f002ac30",
            "name": "terraform-router",
            "region": "dc4-a",
            "tags": [],
            "tenant_id": "1ece788300c34d9a969940818de6eb53",
            "timeouts": null,
            "value_specs": null,
            "vendor_options": []
          },
          "sensitive_attributes": [],
          "private": "eyJlMmJmYjczMC1lY2FhLTExZTYtOGY4OC0zNDM2M2JjN2M0YzAiOnsiY3JlYXRlIjo2MDAwMDAwMDAwMDAsImRlbGV0ZSI6NjAwMDAwMDAwMDAwfX0="
        }
      ]
    },
    {
      "mode": "managed",
      "type": "openstack_networking_subnet_v2",
      "name": "private_subnet",
      "provider": "provider[\"registry.terraform.io/terraform-provider-openstack/openstack\"]",
      "instances": [
        {
          "schema_version": 0,
          "attributes": {
            "all_tags": [],
            "allocation_pool": [
              {
                "end": "192.168.199.254",
                "start": "192.168.199.2"
              }
            ],
            "allocation_pools": [
              {
                "end": "192.168.199.254",
                "start": "192.168.199.2"
              }
            ],
            "cidr": "192.168.199.0/24",
            "description": "",
            "dns_nameservers": [
              "8.8.8.8"
            ],
            "enable_dhcp": true,
            "gateway_ip": "192.168.199.1",
            "host_routes": [],
            "id": "551ee109-dbb2-46da-8339-a71fd532ea30",
            "ip_version": 4,
            "ipv6_address_mode": "",
            "ipv6_ra_mode": "",
            "name": "terraform-subnet",
            "network_id": "7546568b-9490-4d03-8d88-3a752990da0c",
            "no_gateway": false,
            "prefix_length": null,
            "region": "dc4-a",
            "service_types": [],
            "subnetpool_id": "",
            "tags": [],
            "tenant_id": "1ece788300c34d9a969940818de6eb53",
            "timeouts": null,
            "value_specs": null
          },
          "sensitive_attributes": [],
          "private": "eyJlMmJmYjczMC1lY2FhLTExZTYtOGY4OC0zNDM2M2JjN2M0YzAiOnsiY3JlYXRlIjo2MDAwMDAwMDAwMDAsImRlbGV0ZSI6NjAwMDAwMDAwMDAwfX0=",
          "dependencies": [
            "openstack_networking_network_v2.private"
          ]
        }
      ]
    }
  ],
  "check_results": null
}
